Microsoft Visual Studio Solution File, Format Version 12.00
# Visual Studio Version 17
VisualStudioVersion = 17.13.35931.197
MinimumVisualStudioVersion = 10.0.40219.1
Project("{FAE04EC0-301F-11D3-BF4B-00C04F79EFBC}") = "Q1WebAPI", "Q1WebAPI\Q1WebAPI.csproj", "{332899E1-5E59-4A9A-A8AA-0F6713E3EC04}"
EndProject
Global
	GlobalSection(SolutionConfigurationPlatforms) = preSolution
		Debug|Any CPU = Debug|Any CPU
		Release|Any CPU = Release|Any CPU
	EndGlobalSection
	GlobalSection(ProjectConfigurationPlatforms) = postSolution
		{332899E1-5E59-4A9A-A8AA-0F6713E3EC04}.Debug|Any CPU.ActiveCfg = Debug|Any CPU
		{332899E1-5E59-4A9A-A8AA-0F6713E3EC04}.Debug|Any CPU.Build.0 = Debug|Any CPU
		{332899E1-5E59-4A9A-A8AA-0F6713E3EC04}.Release|Any CPU.ActiveCfg = Release|Any CPU
		{332899E1-5E59-4A9A-A8AA-0F6713E3EC04}.Release|Any CPU.Build.0 = Release|Any CPU
	EndGlobalSection
	GlobalSection(SolutionProperties) = preSolution
		HideSolutionNode = FALSE
	EndGlobalSection
	GlobalSection(ExtensibilityGlobals) = postSolution
		SolutionGuid = {6551196F-C06D-4528-9E55-BAA1696645E0}
	EndGlobalSection
EndGlobal
